
Microsoft Visual Studio Solution File, Format Version 12.00
# Visual Studio 15
VisualStudioVersion = 15.0.27703.2018
MinimumVisualStudioVersion = 10.0.40219.1
Project("{FAE04EC0-301F-11D3-BF4B-00C04F79EFBC}") = "01_DAL", "01_DAL\01_DAL.csproj", "{2D5AB606-7DFC-4780-8F14-648206CA30F5}"
EndProject
Project("{2150E333-8FDC-42A3-9474-1A3956D46DE8}") = "Solution Items", "Solution Items", "{1AAF5F93-6F92-4A15-83EB-B23B87F76538}"
	ProjectSection(SolutionItems) = preProject
		DBScripts.sql = DBScripts.sql
		README.md = README.md
	EndProjectSection
EndProject
Project("{FAE04EC0-301F-11D3-BF4B-00C04F79EFBC}") = "02_BOL", "02_BOL\02_BOL.csproj", "{A7B98C4E-0B82-4DAB-A23C-D46A6AF5CEC7}"
EndProject
Project("{FAE04EC0-301F-11D3-BF4B-00C04F79EFBC}") = "03_BLL", "03_BLL\03_BLL.csproj", "{EC5CC94F-2289-445A-BCA5-ADBF4D25540A}"
EndProject
Project("{FAE04EC0-301F-11D3-BF4B-00C04F79EFBC}") = "04_UIL", "04_UIL\04_UIL.csproj", "{24EB1A42-898B-4500-9194-4CC4F88B4D04}"
EndProject
Global
	GlobalSection(SolutionConfigurationPlatforms) = preSolution
		Debug|Any CPU = Debug|Any CPU
		Release|Any CPU = Release|Any CPU
	EndGlobalSection
	GlobalSection(ProjectConfigurationPlatforms) = postSolution
		{2D5AB606-7DFC-4780-8F14-648206CA30F5}.Debug|Any CPU.ActiveCfg = Debug|Any CPU
		{2D5AB606-7DFC-4780-8F14-648206CA30F5}.Debug|Any CPU.Build.0 = Debug|Any CPU
		{2D5AB606-7DFC-4780-8F14-648206CA30F5}.Release|Any CPU.ActiveCfg = Release|Any CPU
		{2D5AB606-7DFC-4780-8F14-648206CA30F5}.Release|Any CPU.Build.0 = Release|Any CPU
		{A7B98C4E-0B82-4DAB-A23C-D46A6AF5CEC7}.Debug|Any CPU.ActiveCfg = Debug|Any CPU
		{A7B98C4E-0B82-4DAB-A23C-D46A6AF5CEC7}.Debug|Any CPU.Build.0 = Debug|Any CPU
		{A7B98C4E-0B82-4DAB-A23C-D46A6AF5CEC7}.Release|Any CPU.ActiveCfg = Release|Any CPU
		{A7B98C4E-0B82-4DAB-A23C-D46A6AF5CEC7}.Release|Any CPU.Build.0 = Release|Any CPU
		{EC5CC94F-2289-445A-BCA5-ADBF4D25540A}.Debug|Any CPU.ActiveCfg = Debug|Any CPU
		{EC5CC94F-2289-445A-BCA5-ADBF4D25540A}.Debug|Any CPU.Build.0 = Debug|Any CPU
		{EC5CC94F-2289-445A-BCA5-ADBF4D25540A}.Release|Any CPU.ActiveCfg = Release|Any CPU
		{EC5CC94F-2289-445A-BCA5-ADBF4D25540A}.Release|Any CPU.Build.0 = Release|Any CPU
		{24EB1A42-898B-4500-9194-4CC4F88B4D04}.Debug|Any CPU.ActiveCfg = Debug|Any CPU
		{24EB1A42-898B-4500-9194-4CC4F88B4D04}.Debug|Any CPU.Build.0 = Debug|Any CPU
		{24EB1A42-898B-4500-9194-4CC4F88B4D04}.Release|Any CPU.ActiveCfg = Release|Any CPU
		{24EB1A42-898B-4500-9194-4CC4F88B4D04}.Release|Any CPU.Build.0 = Release|Any CPU
	EndGlobalSection
	GlobalSection(SolutionProperties) = preSolution
		HideSolutionNode = FALSE
	EndGlobalSection
	GlobalSection(ExtensibilityGlobals) = postSolution
		SolutionGuid = {7C8A7846-FAC1-4BDA-9D77-07475E3F1A38}
	EndGlobalSection
EndGlobal
